
Microsoft Visual Studio Solution File, Format Version 12.00
# Visual Studio Version 17
VisualStudioVersion = 17.8.34330.188
MinimumVisualStudioVersion = 10.0.40219.1
Project("{FAE04EC0-301F-11D3-BF4B-00C04F79EFBC}") = "HCoffeeWebAPI", "HCoffeeWebAPI\HCoffeeWebAPI.csproj", "{7BD22366-05FD-4D4C-BAFD-B7194A4A2A6D}"
EndProject
Global
	GlobalSection(SolutionConfigurationPlatforms) = preSolution
		Debug|Any CPU = Debug|Any CPU
		Release|Any CPU = Release|Any CPU
	EndGlobalSection
	GlobalSection(ProjectConfigurationPlatforms) = postSolution
		{7BD22366-05FD-4D4C-BAFD-B7194A4A2A6D}.Debug|Any CPU.ActiveCfg = Debug|Any CPU
		{7BD22366-05FD-4D4C-BAFD-B7194A4A2A6D}.Debug|Any CPU.Build.0 = Debug|Any CPU
		{7BD22366-05FD-4D4C-BAFD-B7194A4A2A6D}.Release|Any CPU.ActiveCfg = Release|Any CPU
		{7BD22366-05FD-4D4C-BAFD-B7194A4A2A6D}.Release|Any CPU.Build.0 = Release|Any CPU
	EndGlobalSection
	GlobalSection(SolutionProperties) = preSolution
		HideSolutionNode = FALSE
	EndGlobalSection
	GlobalSection(ExtensibilityGlobals) = postSolution
		SolutionGuid = {742F1196-F6B8-4D2D-AA3D-3AA14D8956CB}
	EndGlobalSection
EndGlobal
